
Microsoft Visual Studio Solution File, Format Version 12.00
# Visual Studio 14
VisualStudioVersion = 14.0.25420.1
MinimumVisualStudioVersion = 10.0.40219.1
Project("{8BC9CEB8-8B4A-11D0-8D11-00A0C91BC942}") = "ObjectHook", "ObjectHook\ObjectHook.vcxproj", "{824C7169-6F7A-4BC7-A0D4-65605B11975E}"
EndProject
Project("{8BC9CEB8-8B4A-11D0-8D11-00A0C91BC942}") = "IrpHook", "IrpHook\IrpHook.vcxproj", "{58210011-99A4-4534-97C4-596F46F14FAF}"
EndProject
Project("{8BC9CEB8-8B4A-11D0-8D11-00A0C91BC942}") = "ControlHook", "ControlHook\ControlHook.vcxproj", "{26DEBA01-E112-4502-8DB8-2C767D965CB1}"
EndProject
Project("{8BC9CEB8-8B4A-11D0-8D11-00A0C91BC942}") = "IDTHook", "IDTHook\IDTHook.vcxproj", "{0B09648D-0CA0-4B6B-AACB-84B15AE68E93}"
EndProject
Global
	GlobalSection(SolutionConfigurationPlatforms) = preSolution
		Debug|x64 = Debug|x64
		Debug|x86 = Debug|x86
		Release|x64 = Release|x64
		Release|x86 = Release|x86
		SYS|x64 = SYS|x64
		SYS|x86 = SYS|x86
	EndGlobalSection
	GlobalSection(ProjectConfigurationPlatforms) = postSolution
		{824C7169-6F7A-4BC7-A0D4-65605B11975E}.Debug|x64.ActiveCfg = SYS|x64
		{824C7169-6F7A-4BC7-A0D4-65605B11975E}.Debug|x64.Build.0 = SYS|x64
		{824C7169-6F7A-4BC7-A0D4-65605B11975E}.Debug|x86.ActiveCfg = SYS|Win32
		{824C7169-6F7A-4BC7-A0D4-65605B11975E}.Debug|x86.Build.0 = SYS|Win32
		{824C7169-6F7A-4BC7-A0D4-65605B11975E}.Release|x64.ActiveCfg = SYS|x64
		{824C7169-6F7A-4BC7-A0D4-65605B11975E}.Release|x64.Build.0 = SYS|x64
		{824C7169-6F7A-4BC7-A0D4-65605B11975E}.Release|x86.ActiveCfg = SYS|Win32
		{824C7169-6F7A-4BC7-A0D4-65605B11975E}.Release|x86.Build.0 = SYS|Win32
		{824C7169-6F7A-4BC7-A0D4-65605B11975E}.SYS|x64.ActiveCfg = SYS|x64
		{824C7169-6F7A-4BC7-A0D4-65605B11975E}.SYS|x64.Build.0 = SYS|x64
		{824C7169-6F7A-4BC7-A0D4-65605B11975E}.SYS|x86.ActiveCfg = SYS|Win32
		{824C7169-6F7A-4BC7-A0D4-65605B11975E}.SYS|x86.Build.0 = SYS|Win32
		{58210011-99A4-4534-97C4-596F46F14FAF}.Debug|x64.ActiveCfg = SYS|x64
		{58210011-99A4-4534-97C4-596F46F14FAF}.Debug|x86.ActiveCfg = SYS|Win32
		{58210011-99A4-4534-97C4-596F46F14FAF}.Debug|x86.Build.0 = SYS|Win32
		{58210011-99A4-4534-97C4-596F46F14FAF}.Release|x64.ActiveCfg = SYS|x64
		{58210011-99A4-4534-97C4-596F46F14FAF}.Release|x64.Build.0 = SYS|x64
		{58210011-99A4-4534-97C4-596F46F14FAF}.Release|x86.ActiveCfg = SYS|Win32
		{58210011-99A4-4534-97C4-596F46F14FAF}.Release|x86.Build.0 = SYS|Win32
		{58210011-99A4-4534-97C4-596F46F14FAF}.SYS|x64.ActiveCfg = SYS|x64
		{58210011-99A4-4534-97C4-596F46F14FAF}.SYS|x64.Build.0 = SYS|x64
		{58210011-99A4-4534-97C4-596F46F14FAF}.SYS|x86.ActiveCfg = SYS|Win32
		{58210011-99A4-4534-97C4-596F46F14FAF}.SYS|x86.Build.0 = SYS|Win32
		{26DEBA01-E112-4502-8DB8-2C767D965CB1}.Debug|x64.ActiveCfg = Debug|x64
		{26DEBA01-E112-4502-8DB8-2C767D965CB1}.Debug|x86.ActiveCfg = Debug|Win32
		{26DEBA01-E112-4502-8DB8-2C767D965CB1}.Debug|x86.Build.0 = Debug|Win32
		{26DEBA01-E112-4502-8DB8-2C767D965CB1}.Release|x64.ActiveCfg = Release|x64
		{26DEBA01-E112-4502-8DB8-2C767D965CB1}.Release|x64.Build.0 = Release|x64
		{26DEBA01-E112-4502-8DB8-2C767D965CB1}.Release|x86.ActiveCfg = Release|Win32
		{26DEBA01-E112-4502-8DB8-2C767D965CB1}.Release|x86.Build.0 = Release|Win32
		{26DEBA01-E112-4502-8DB8-2C767D965CB1}.SYS|x64.ActiveCfg = Debug|x64
		{26DEBA01-E112-4502-8DB8-2C767D965CB1}.SYS|x64.Build.0 = Debug|x64
		{26DEBA01-E112-4502-8DB8-2C767D965CB1}.SYS|x86.ActiveCfg = Release|Win32
		{26DEBA01-E112-4502-8DB8-2C767D965CB1}.SYS|x86.Build.0 = Release|Win32
		{0B09648D-0CA0-4B6B-AACB-84B15AE68E93}.Debug|x64.ActiveCfg = SYS|x64
		{0B09648D-0CA0-4B6B-AACB-84B15AE68E93}.Debug|x64.Build.0 = SYS|x64
		{0B09648D-0CA0-4B6B-AACB-84B15AE68E93}.Debug|x86.ActiveCfg = SYS|Win32
		{0B09648D-0CA0-4B6B-AACB-84B15AE68E93}.Debug|x86.Build.0 = SYS|Win32
		{0B09648D-0CA0-4B6B-AACB-84B15AE68E93}.Release|x64.ActiveCfg = SYS|x64
		{0B09648D-0CA0-4B6B-AACB-84B15AE68E93}.Release|x64.Build.0 = SYS|x64
		{0B09648D-0CA0-4B6B-AACB-84B15AE68E93}.Release|x86.ActiveCfg = SYS|Win32
		{0B09648D-0CA0-4B6B-AACB-84B15AE68E93}.Release|x86.Build.0 = SYS|Win32
		{0B09648D-0CA0-4B6B-AACB-84B15AE68E93}.SYS|x64.ActiveCfg = SYS|x64
		{0B09648D-0CA0-4B6B-AACB-84B15AE68E93}.SYS|x64.Build.0 = SYS|x64
		{0B09648D-0CA0-4B6B-AACB-84B15AE68E93}.SYS|x86.ActiveCfg = SYS|Win32
		{0B09648D-0CA0-4B6B-AACB-84B15AE68E93}.SYS|x86.Build.0 = SYS|Win32
	EndGlobalSection
	GlobalSection(SolutionProperties) = preSolution
		HideSolutionNode = FALSE
	EndGlobalSection
EndGlobal
